{
  "version": 4,
  "terraform_version": "1.14.8",
  "serial": 6,
  "lineage": "5971f3ad-7c76-7044-f763-e45f6f4d9a62",
  "outputs": {
    "gcp_console_links": {
      "value": {
        "log_sink": "https://console.cloud.google.com/logs/router?project=agentic-ai-integration-490716",
        "pubsub_subscription": null,
        "pubsub_topic": "https://console.cloud.google.com/cloudpubsub/topic/detail/reasoning-engine-logs-topic?project=agentic-ai-integration-490716"
      },
      "type": [
        "object",
        {
          "log_sink": "string",
          "pubsub_subscription": "string",
          "pubsub_topic": "string"
        }
      ]
    },
    "lambda_target_url": {
      "value": "https://gd2ohh3wa7dgenayxkkwq2ht6a0jacor.lambda-url.us-east-1.on.aws",
      "type": "string"
    },
    "log_sink_filter": {
      "value": "(resource.labels.reasoning_engine_id=\"8213677864684355584\")",
      "type": "string"
    },
    "log_sink_name": {
      "value": null,
      "type": "string"
    },
    "pubsub_subscription_name": {
      "value": null,
      "type": "string"
    },
    "pubsub_target_url": {
      "value": "https://gd2ohh3wa7dgenayxkkwq2ht6a0jacor.lambda-url.us-east-1.on.aws",
      "type": "string"
    },
    "pubsub_topic_name": {
      "value": "reasoning-engine-logs-topic",
      "type": "string"
    },
    "setup_complete": {
      "value": null,
      "type": "string"
    }
  },
  "resources": [
    {
      "mode": "managed",
      "type": "google_pubsub_topic",
      "name": "reasoning_engine_logs",
      "provider": "provider[\"registry.terraform.io/hashicorp/google\"]",
      "instances": [
        {
          "schema_version": 0,
          "attributes": {
            "effective_labels": {},
            "id": "projects/agentic-ai-integration-490716/topics/reasoning-engine-logs-topic",
            "ingestion_data_source_settings": [],
            "kms_key_name": "",
            "labels": {},
            "message_retention_duration": "",
            "message_storage_policy": [],
            "name": "reasoning-engine-logs-topic",
            "project": "agentic-ai-integration-490716",
            "schema_settings": [],
            "terraform_labels": {},
            "timeouts": null
          },
          "sensitive_attributes": [],
          "identity_schema_version": 0,
          "private": "eyJlMmJmYjczMC1lY2FhLTExZTYtOGY4OC0zNDM2M2JjN2M0YzAiOnsiY3JlYXRlIjoxMjAwMDAwMDAwMDAwLCJkZWxldGUiOjEyMDAwMDAwMDAwMDAsInVwZGF0ZSI6MTIwMDAwMDAwMDAwMH0sInNjaGVtYV92ZXJzaW9uIjoiMCJ9"
        }
      ]
    }
  ],
  "check_results": null
}
