{
  "version": 4,
  "terraform_version": "1.14.8",
  "serial": 10,
  "lineage": "5971f3ad-7c76-7044-f763-e45f6f4d9a62",
  "outputs": {
    "gcp_console_links": {
      "value": {
        "log_sink": "https://console.cloud.google.com/logs/router?project=agentic-ai-integration-490716",
        "pubsub_subscription": "https://console.cloud.google.com/cloudpubsub/subscription/detail/reasoning-engine-to-lambda?project=agentic-ai-integration-490716",
        "pubsub_topic": "https://console.cloud.google.com/cloudpubsub/topic/detail/reasoning-engine-logs-topic?project=agentic-ai-integration-490716"
      },
      "type": [
        "object",
        {
          "log_sink": "string",
          "pubsub_subscription": "string",
          "pubsub_topic": "string"
        }
      ]
    },
    "lambda_target_url": {
      "value": "https://gd2ohh3wa7dgenayxkkwq2ht6a0jacor.lambda-url.us-east-1.on.aws",
      "type": "string"
    },
    "log_sink_filter": {
      "value": "(resource.labels.reasoning_engine_id=\"8213677864684355584\")",
      "type": "string"
    },
    "log_sink_name": {
      "value": "reasoning-engine-to-pubsub",
      "type": "string"
    },
    "pubsub_subscription_name": {
      "value": "reasoning-engine-to-lambda",
      "type": "string"
    },
    "pubsub_target_url": {
      "value": "https://gd2ohh3wa7dgenayxkkwq2ht6a0jacor.lambda-url.us-east-1.on.aws",
      "type": "string"
    },
    "pubsub_topic_name": {
      "value": "reasoning-engine-logs-topic",
      "type": "string"
    },
    "setup_complete": {
      "value": "============================================================================\nGCP Log Sink Deployment Complete!\n============================================================================\n\nGCP Resources Created:\n- Pub/Sub Topic: reasoning-engine-logs-topic\n- Pub/Sub Subscription: reasoning-engine-to-lambda\n- Log Sink: reasoning-engine-to-pubsub\n\nTarget Endpoint:\n- Your AWS Lambda: https://gd2ohh3wa7dgenayxkkwq2ht6a0jacor.lambda-url.us-east-1.on.aws\n\nSecurity:\n- Authentication: NONE (No OIDC)\n- Lambda URL is public and accepts all requests\n- ⚠️  WARNING: Use for testing only - no authentication!\n\nNext Steps:\n1. Verify Pub/Sub subscription is pushing to your Lambda\n2. Test: Generate a log in your Reasoning Engine\n3. Check your existing Lambda logs for incoming GCP messages\n4. For production: Use terraform/ folder with OIDC authentication\n\n============================================================================\n",
      "type": "string"
    }
  },
  "resources": [
    {
      "mode": "managed",
      "type": "google_logging_project_sink",
      "name": "reasoning_engine_to_pubsub",
      "provider": "provider[\"registry.terraform.io/hashicorp/google\"]",
      "instances": [
        {
          "status": "tainted",
          "schema_version": 0,
          "attributes": {
            "bigquery_options": null,
            "custom_writer_identity": null,
            "description": "Forward Reasoning Engine logs to Pub/Sub for AWS Lambda processing",
            "destination": "pubsub.googleapis.com/projects/agentic-ai-integration-490716/topics/reasoning-engine-logs-topic",
            "disabled": null,
            "exclusions": [],
            "filter": "(resource.labels.reasoning_engine_id=\"8213677864684355584\")",
            "id": "projects/agentic-ai-integration-490716/sinks/reasoning-engine-to-pubsub",
            "name": "reasoning-engine-to-pubsub",
            "project": "agentic-ai-integration-490716",
            "unique_writer_identity": true,
            "writer_identity": null
          },
          "sensitive_attributes": [],
          "identity_schema_version": 0,
          "private": "bnVsbA==",
          "dependencies": [
            "google_pubsub_topic.reasoning_engine_logs"
          ]
        }
      ]
    },
    {
      "mode": "managed",
      "type": "google_pubsub_subscription",
      "name": "reasoning_engine_to_lambda",
      "provider": "provider[\"registry.terraform.io/hashicorp/google\"]",
      "instances": [
        {
          "schema_version": 0,
          "attributes": {
            "ack_deadline_seconds": 10,
            "bigquery_config": [],
            "cloud_storage_config": [],
            "dead_letter_policy": [],
            "effective_labels": {
              "destination": "aws-lambda",
              "environment": "production",
              "purpose": "agent-log-forwarding"
            },
            "enable_exactly_once_delivery": false,
            "enable_message_ordering": false,
            "expiration_policy": [
              {
                "ttl": "2678400s"
              }
            ],
            "filter": "",
            "id": "projects/agentic-ai-integration-490716/subscriptions/reasoning-engine-to-lambda",
            "labels": {
              "destination": "aws-lambda",
              "environment": "production",
              "purpose": "agent-log-forwarding"
            },
            "message_retention_duration": "604800s",
            "name": "reasoning-engine-to-lambda",
            "project": "agentic-ai-integration-490716",
            "push_config": [
              {
                "attributes": null,
                "no_wrapper": [],
                "oidc_token": [],
                "push_endpoint": "https://gd2ohh3wa7dgenayxkkwq2ht6a0jacor.lambda-url.us-east-1.on.aws"
              }
            ],
            "retain_acked_messages": false,
            "retry_policy": [
              {
                "maximum_backoff": "600s",
                "minimum_backoff": "10s"
              }
            ],
            "terraform_labels": {
              "destination": "aws-lambda",
              "environment": "production",
              "purpose": "agent-log-forwarding"
            },
            "timeouts": null,
            "topic": "projects/agentic-ai-integration-490716/topics/reasoning-engine-logs-topic"
          },
          "sensitive_attributes": [],
          "identity_schema_version": 0,
          "private": "eyJlMmJmYjczMC1lY2FhLTExZTYtOGY4OC0zNDM2M2JjN2M0YzAiOnsiY3JlYXRlIjoxMjAwMDAwMDAwMDAwLCJkZWxldGUiOjEyMDAwMDAwMDAwMDAsInVwZGF0ZSI6MTIwMDAwMDAwMDAwMH19",
          "dependencies": [
            "google_pubsub_topic.reasoning_engine_logs"
          ]
        }
      ]
    },
    {
      "mode": "managed",
      "type": "google_pubsub_topic",
      "name": "reasoning_engine_logs",
      "provider": "provider[\"registry.terraform.io/hashicorp/google\"]",
      "instances": [
        {
          "schema_version": 0,
          "attributes": {
            "effective_labels": {
              "destination": "aws-lambda",
              "environment": "production",
              "purpose": "agent-observability"
            },
            "id": "projects/agentic-ai-integration-490716/topics/reasoning-engine-logs-topic",
            "ingestion_data_source_settings": [],
            "kms_key_name": "",
            "labels": {
              "destination": "aws-lambda",
              "environment": "production",
              "purpose": "agent-observability"
            },
            "message_retention_duration": "604800s",
            "message_storage_policy": [],
            "name": "reasoning-engine-logs-topic",
            "project": "agentic-ai-integration-490716",
            "schema_settings": [],
            "terraform_labels": {
              "destination": "aws-lambda",
              "environment": "production",
              "purpose": "agent-observability"
            },
            "timeouts": null
          },
          "sensitive_attributes": [],
          "identity_schema_version": 0,
          "private": "eyJlMmJmYjczMC1lY2FhLTExZTYtOGY4OC0zNDM2M2JjN2M0YzAiOnsiY3JlYXRlIjoxMjAwMDAwMDAwMDAwLCJkZWxldGUiOjEyMDAwMDAwMDAwMDAsInVwZGF0ZSI6MTIwMDAwMDAwMDAwMH19"
        }
      ]
    }
  ],
  "check_results": null
}
